
Microsoft Visual Studio Solution File, Format Version 12.00
# Visual Studio Version 17
VisualStudioVersion = 17.14.37012.4 d17.14
MinimumVisualStudioVersion = 10.0.40219.1
Project("{FAE04EC0-301F-11D3-BF4B-00C04F79EFBC}") = "TPPortal", "TPPortal\TPPortal.csproj", "{6AAABA08-2E54-690A-32FF-A20F3E150338}"
EndProject
Global
	GlobalSection(SolutionConfigurationPlatforms) = preSolution
		Debug|Any CPU = Debug|Any CPU
		Release|Any CPU = Release|Any CPU
	EndGlobalSection
	GlobalSection(ProjectConfigurationPlatforms) = postSolution
		{6AAABA08-2E54-690A-32FF-A20F3E150338}.Debug|Any CPU.ActiveCfg = Debug|Any CPU
		{6AAABA08-2E54-690A-32FF-A20F3E150338}.Debug|Any CPU.Build.0 = Debug|Any CPU
		{6AAABA08-2E54-690A-32FF-A20F3E150338}.Release|Any CPU.ActiveCfg = Release|Any CPU
		{6AAABA08-2E54-690A-32FF-A20F3E150338}.Release|Any CPU.Build.0 = Release|Any CPU
	EndGlobalSection
	GlobalSection(SolutionProperties) = preSolution
		HideSolutionNode = FALSE
	EndGlobalSection
	GlobalSection(ExtensibilityGlobals) = postSolution
		SolutionGuid = {583ECAF8-D8BA-43E7-986A-9DEC6D41F934}
	EndGlobalSection
EndGlobal
